
Microsoft Visual Studio Solution File, Format Version 12.00
# Visual Studio 15
VisualStudioVersion = 15.0.28010.2050
MinimumVisualStudioVersion = 10.0.40219.1
Project("{8BC9CEB8-8B4A-11D0-8D11-00A0C91BC942}") = "HelloWorld", "C++ ConsoleP\C++ ConsoleP.vcxproj", "{147488A5-D90D-4042-8C06-4B6DD034A76C}"
EndProject
Project("{8BC9CEB8-8B4A-11D0-8D11-00A0C91BC942}") = "Guess Number", "Guess Number\Guess Number.vcxproj", "{24CF4643-BB6B-49F4-BB48-3AA8634D83BC}"
EndProject
Project("{8BC9CEB8-8B4A-11D0-8D11-00A0C91BC942}") = "Array loop", "Array loop\Array loop.vcxproj", "{501719DB-E7FF-4D3B-B421-858370498EF1}"
EndProject
Project("{8BC9CEB8-8B4A-11D0-8D11-00A0C91BC942}") = "Recursive", "Recursive\Recursive.vcxproj", "{C5BFEF73-C6CA-47AD-BAFF-542A6D1C6071}"
EndProject
Project("{8BC9CEB8-8B4A-11D0-8D11-00A0C91BC942}") = "PersonOplysinger", "PersonOplysinger\PersonOplysinger.vcxproj", "{B5F7F150-E84F-4E3A-AD3E-66C36229AB39}"
EndProject
Project("{8BC9CEB8-8B4A-11D0-8D11-00A0C91BC942}") = "Sø Simulation", "Sø Simulation\Sø Simulation.vcxproj", "{F88F4C56-737C-451F-BA1E-020662D00226}"
EndProject
Global
	GlobalSection(SolutionConfigurationPlatforms) = preSolution
		Debug|x64 = Debug|x64
		Debug|x86 = Debug|x86
		Release|x64 = Release|x64
		Release|x86 = Release|x86
	EndGlobalSection
	GlobalSection(ProjectConfigurationPlatforms) = postSolution
		{147488A5-D90D-4042-8C06-4B6DD034A76C}.Debug|x64.ActiveCfg = Debug|x64
		{147488A5-D90D-4042-8C06-4B6DD034A76C}.Debug|x64.Build.0 = Debug|x64
		{147488A5-D90D-4042-8C06-4B6DD034A76C}.Debug|x86.ActiveCfg = Debug|Win32
		{147488A5-D90D-4042-8C06-4B6DD034A76C}.Debug|x86.Build.0 = Debug|Win32
		{147488A5-D90D-4042-8C06-4B6DD034A76C}.Release|x64.ActiveCfg = Release|x64
		{147488A5-D90D-4042-8C06-4B6DD034A76C}.Release|x64.Build.0 = Release|x64
		{147488A5-D90D-4042-8C06-4B6DD034A76C}.Release|x86.ActiveCfg = Release|Win32
		{147488A5-D90D-4042-8C06-4B6DD034A76C}.Release|x86.Build.0 = Release|Win32
		{24CF4643-BB6B-49F4-BB48-3AA8634D83BC}.Debug|x64.ActiveCfg = Debug|x64
		{24CF4643-BB6B-49F4-BB48-3AA8634D83BC}.Debug|x64.Build.0 = Debug|x64
		{24CF4643-BB6B-49F4-BB48-3AA8634D83BC}.Debug|x86.ActiveCfg = Debug|Win32
		{24CF4643-BB6B-49F4-BB48-3AA8634D83BC}.Debug|x86.Build.0 = Debug|Win32
		{24CF4643-BB6B-49F4-BB48-3AA8634D83BC}.Release|x64.ActiveCfg = Release|x64
		{24CF4643-BB6B-49F4-BB48-3AA8634D83BC}.Release|x64.Build.0 = Release|x64
		{24CF4643-BB6B-49F4-BB48-3AA8634D83BC}.Release|x86.ActiveCfg = Release|Win32
		{24CF4643-BB6B-49F4-BB48-3AA8634D83BC}.Release|x86.Build.0 = Release|Win32
		{501719DB-E7FF-4D3B-B421-858370498EF1}.Debug|x64.ActiveCfg = Debug|x64
		{501719DB-E7FF-4D3B-B421-858370498EF1}.Debug|x64.Build.0 = Debug|x64
		{501719DB-E7FF-4D3B-B421-858370498EF1}.Debug|x86.ActiveCfg = Debug|Win32
		{501719DB-E7FF-4D3B-B421-858370498EF1}.Debug|x86.Build.0 = Debug|Win32
		{501719DB-E7FF-4D3B-B421-858370498EF1}.Release|x64.ActiveCfg = Release|x64
		{501719DB-E7FF-4D3B-B421-858370498EF1}.Release|x64.Build.0 = Release|x64
		{501719DB-E7FF-4D3B-B421-858370498EF1}.Release|x86.ActiveCfg = Release|Win32
		{501719DB-E7FF-4D3B-B421-858370498EF1}.Release|x86.Build.0 = Release|Win32
		{C5BFEF73-C6CA-47AD-BAFF-542A6D1C6071}.Debug|x64.ActiveCfg = Debug|x64
		{C5BFEF73-C6CA-47AD-BAFF-542A6D1C6071}.Debug|x64.Build.0 = Debug|x64
		{C5BFEF73-C6CA-47AD-BAFF-542A6D1C6071}.Debug|x86.ActiveCfg = Debug|Win32
		{C5BFEF73-C6CA-47AD-BAFF-542A6D1C6071}.Debug|x86.Build.0 = Debug|Win32
		{C5BFEF73-C6CA-47AD-BAFF-542A6D1C6071}.Release|x64.ActiveCfg = Release|x64
		{C5BFEF73-C6CA-47AD-BAFF-542A6D1C6071}.Release|x64.Build.0 = Release|x64
		{C5BFEF73-C6CA-47AD-BAFF-542A6D1C6071}.Release|x86.ActiveCfg = Release|Win32
		{C5BFEF73-C6CA-47AD-BAFF-542A6D1C6071}.Release|x86.Build.0 = Release|Win32
		{B5F7F150-E84F-4E3A-AD3E-66C36229AB39}.Debug|x64.ActiveCfg = Debug|x64
		{B5F7F150-E84F-4E3A-AD3E-66C36229AB39}.Debug|x64.Build.0 = Debug|x64
		{B5F7F150-E84F-4E3A-AD3E-66C36229AB39}.Debug|x86.ActiveCfg = Debug|Win32
		{B5F7F150-E84F-4E3A-AD3E-66C36229AB39}.Debug|x86.Build.0 = Debug|Win32
		{B5F7F150-E84F-4E3A-AD3E-66C36229AB39}.Release|x64.ActiveCfg = Release|x64
		{B5F7F150-E84F-4E3A-AD3E-66C36229AB39}.Release|x64.Build.0 = Release|x64
		{B5F7F150-E84F-4E3A-AD3E-66C36229AB39}.Release|x86.ActiveCfg = Release|Win32
		{B5F7F150-E84F-4E3A-AD3E-66C36229AB39}.Release|x86.Build.0 = Release|Win32
		{F88F4C56-737C-451F-BA1E-020662D00226}.Debug|x64.ActiveCfg = Debug|x64
		{F88F4C56-737C-451F-BA1E-020662D00226}.Debug|x64.Build.0 = Debug|x64
		{F88F4C56-737C-451F-BA1E-020662D00226}.Debug|x86.ActiveCfg = Debug|Win32
		{F88F4C56-737C-451F-BA1E-020662D00226}.Debug|x86.Build.0 = Debug|Win32
		{F88F4C56-737C-451F-BA1E-020662D00226}.Release|x64.ActiveCfg = Release|x64
		{F88F4C56-737C-451F-BA1E-020662D00226}.Release|x64.Build.0 = Release|x64
		{F88F4C56-737C-451F-BA1E-020662D00226}.Release|x86.ActiveCfg = Release|Win32
		{F88F4C56-737C-451F-BA1E-020662D00226}.Release|x86.Build.0 = Release|Win32
	EndGlobalSection
	GlobalSection(SolutionProperties) = preSolution
		HideSolutionNode = FALSE
	EndGlobalSection
	GlobalSection(ExtensibilityGlobals) = postSolution
		SolutionGuid = {0830EC95-158A-4464-AF0B-D84813179865}
	EndGlobalSection
EndGlobal
