
Microsoft Visual Studio Solution File, Format Version 12.00
# Visual Studio 15
VisualStudioVersion = 15.0.28010.2050
MinimumVisualStudioVersion = 10.0.40219.1
Project("{8BC9CEB8-8B4A-11D0-8D11-00A0C91BC942}") = "HelloWorld", "C++ ConsoleP\C++ ConsoleP.vcxproj", "{147488A5-D90D-4042-8C06-4B6DD034A76C}"
EndProject
Project("{8BC9CEB8-8B4A-11D0-8D11-00A0C91BC942}") = "Guess Number", "Guess Number\Guess Number.vcxproj", "{24CF4643-BB6B-49F4-BB48-3AA8634D83BC}"
EndProject
Global
	GlobalSection(SolutionConfigurationPlatforms) = preSolution
		Debug|x64 = Debug|x64
		Debug|x86 = Debug|x86
		Release|x64 = Release|x64
		Release|x86 = Release|x86
	EndGlobalSection
	GlobalSection(ProjectConfigurationPlatforms) = postSolution
		{147488A5-D90D-4042-8C06-4B6DD034A76C}.Debug|x64.ActiveCfg = Debug|x64
		{147488A5-D90D-4042-8C06-4B6DD034A76C}.Debug|x64.Build.0 = Debug|x64
		{147488A5-D90D-4042-8C06-4B6DD034A76C}.Debug|x86.ActiveCfg = Debug|Win32
		{147488A5-D90D-4042-8C06-4B6DD034A76C}.Debug|x86.Build.0 = Debug|Win32
		{147488A5-D90D-4042-8C06-4B6DD034A76C}.Release|x64.ActiveCfg = Release|x64
		{147488A5-D90D-4042-8C06-4B6DD034A76C}.Release|x64.Build.0 = Release|x64
		{147488A5-D90D-4042-8C06-4B6DD034A76C}.Release|x86.ActiveCfg = Release|Win32
		{147488A5-D90D-4042-8C06-4B6DD034A76C}.Release|x86.Build.0 = Release|Win32
		{24CF4643-BB6B-49F4-BB48-3AA8634D83BC}.Debug|x64.ActiveCfg = Debug|x64
		{24CF4643-BB6B-49F4-BB48-3AA8634D83BC}.Debug|x64.Build.0 = Debug|x64
		{24CF4643-BB6B-49F4-BB48-3AA8634D83BC}.Debug|x86.ActiveCfg = Debug|Win32
		{24CF4643-BB6B-49F4-BB48-3AA8634D83BC}.Debug|x86.Build.0 = Debug|Win32
		{24CF4643-BB6B-49F4-BB48-3AA8634D83BC}.Release|x64.ActiveCfg = Release|x64
		{24CF4643-BB6B-49F4-BB48-3AA8634D83BC}.Release|x64.Build.0 = Release|x64
		{24CF4643-BB6B-49F4-BB48-3AA8634D83BC}.Release|x86.ActiveCfg = Release|Win32
		{24CF4643-BB6B-49F4-BB48-3AA8634D83BC}.Release|x86.Build.0 = Release|Win32
	EndGlobalSection
	GlobalSection(SolutionProperties) = preSolution
		HideSolutionNode = FALSE
	EndGlobalSection
	GlobalSection(ExtensibilityGlobals) = postSolution
		SolutionGuid = {0830EC95-158A-4464-AF0B-D84813179865}
	EndGlobalSection
EndGlobal
